
Microsoft Visual Studio Solution File, Format Version 12.00
# Visual Studio 15
VisualStudioVersion = 15.0.27703.2000
MinimumVisualStudioVersion = 10.0.40219.1
Project("{FAE04EC0-301F-11D3-BF4B-00C04F79EFBC}") = "BeautifulArrays", "BeautifulArrays\BeautifulArrays.csproj", "{6AAAF779-F722-4CD9-834C-185C198CFCC0}"
EndProject
Project("{FAE04EC0-301F-11D3-BF4B-00C04F79EFBC}") = "CountingValleys", "CountingValleys\CountingValleys.csproj", "{4B4616E5-9DF6-4DF3-81E6-052052177D74}"
EndProject
Project("{FAE04EC0-301F-11D3-BF4B-00C04F79EFBC}") = "DeliveryMan", "DeliveryMan\DeliveryMan.csproj", "{417DFD4A-ECA3-4F14-809A-06641B37CEDC}"
EndProject
Project("{FAE04EC0-301F-11D3-BF4B-00C04F79EFBC}") = "JeaniesRoute", "JeaniesRoute\JeaniesRoute.csproj", "{9AA963DA-666E-4B96-AFF3-E5649831470D}"
EndProject
Project("{FAE04EC0-301F-11D3-BF4B-00C04F79EFBC}") = "LargestPermutation", "LargestPermutation\LargestPermutation.csproj", "{7DCA8F78-60AD-4315-93BD-A815C3BE68EB}"
EndProject
Project("{FAE04EC0-301F-11D3-BF4B-00C04F79EFBC}") = "MandragoraForest", "MandragoraForest\MandragoraForest.csproj", "{D7BB2C1A-9F6F-4A46-9DBF-B4A5C0069DF1}"
EndProject
Global
	GlobalSection(SolutionConfigurationPlatforms) = preSolution
		Debug|Any CPU = Debug|Any CPU
		Release|Any CPU = Release|Any CPU
	EndGlobalSection
	GlobalSection(ProjectConfigurationPlatforms) = postSolution
		{6AAAF779-F722-4CD9-834C-185C198CFCC0}.Debug|Any CPU.ActiveCfg = Debug|Any CPU
		{6AAAF779-F722-4CD9-834C-185C198CFCC0}.Debug|Any CPU.Build.0 = Debug|Any CPU
		{6AAAF779-F722-4CD9-834C-185C198CFCC0}.Release|Any CPU.ActiveCfg = Release|Any CPU
		{6AAAF779-F722-4CD9-834C-185C198CFCC0}.Release|Any CPU.Build.0 = Release|Any CPU
		{4B4616E5-9DF6-4DF3-81E6-052052177D74}.Debug|Any CPU.ActiveCfg = Debug|Any CPU
		{4B4616E5-9DF6-4DF3-81E6-052052177D74}.Debug|Any CPU.Build.0 = Debug|Any CPU
		{4B4616E5-9DF6-4DF3-81E6-052052177D74}.Release|Any CPU.ActiveCfg = Release|Any CPU
		{4B4616E5-9DF6-4DF3-81E6-052052177D74}.Release|Any CPU.Build.0 = Release|Any CPU
		{417DFD4A-ECA3-4F14-809A-06641B37CEDC}.Debug|Any CPU.ActiveCfg = Debug|Any CPU
		{417DFD4A-ECA3-4F14-809A-06641B37CEDC}.Debug|Any CPU.Build.0 = Debug|Any CPU
		{417DFD4A-ECA3-4F14-809A-06641B37CEDC}.Release|Any CPU.ActiveCfg = Release|Any CPU
		{417DFD4A-ECA3-4F14-809A-06641B37CEDC}.Release|Any CPU.Build.0 = Release|Any CPU
		{9AA963DA-666E-4B96-AFF3-E5649831470D}.Debug|Any CPU.ActiveCfg = Debug|Any CPU
		{9AA963DA-666E-4B96-AFF3-E5649831470D}.Debug|Any CPU.Build.0 = Debug|Any CPU
		{9AA963DA-666E-4B96-AFF3-E5649831470D}.Release|Any CPU.ActiveCfg = Release|Any CPU
		{9AA963DA-666E-4B96-AFF3-E5649831470D}.Release|Any CPU.Build.0 = Release|Any CPU
		{7DCA8F78-60AD-4315-93BD-A815C3BE68EB}.Debug|Any CPU.ActiveCfg = Debug|Any CPU
		{7DCA8F78-60AD-4315-93BD-A815C3BE68EB}.Debug|Any CPU.Build.0 = Debug|Any CPU
		{7DCA8F78-60AD-4315-93BD-A815C3BE68EB}.Release|Any CPU.ActiveCfg = Release|Any CPU
		{7DCA8F78-60AD-4315-93BD-A815C3BE68EB}.Release|Any CPU.Build.0 = Release|Any CPU
		{D7BB2C1A-9F6F-4A46-9DBF-B4A5C0069DF1}.Debug|Any CPU.ActiveCfg = Debug|Any CPU
		{D7BB2C1A-9F6F-4A46-9DBF-B4A5C0069DF1}.Debug|Any CPU.Build.0 = Debug|Any CPU
		{D7BB2C1A-9F6F-4A46-9DBF-B4A5C0069DF1}.Release|Any CPU.ActiveCfg = Release|Any CPU
		{D7BB2C1A-9F6F-4A46-9DBF-B4A5C0069DF1}.Release|Any CPU.Build.0 = Release|Any CPU
	EndGlobalSection
	GlobalSection(SolutionProperties) = preSolution
		HideSolutionNode = FALSE
	EndGlobalSection
	GlobalSection(ExtensibilityGlobals) = postSolution
		SolutionGuid = {0FAACDE5-2116-452F-A3CC-223AC4899975}
	EndGlobalSection
EndGlobal
